<?xml version="1.0" encoding="utf-8"?>
<Project ToolsVersion="4.0" xmlns="http://schemas.microsoft.com/developer/msbuild/2003">
  <ItemGroup>
    <Filter Include="소스 파일">
      <UniqueIdentifier>{4FC737F1-C7A5-4376-A066-2A32D752A2FF}</UniqueIdentifier>
      <Extensions>cpp;c;cc;cxx;c++;def;odl;idl;hpj;bat;asm;asmx</Extensions>
    </Filter>
    <Filter Include="헤더 파일">
      <UniqueIdentifier>{93995380-89BD-4b04-88EB-625FBE52EBFB}</UniqueIdentifier>
      <Extensions>h;hh;hpp;hxx;h++;hm;inl;inc;ipp;xsd</Extensions>
    </Filter>
    <Filter Include="리소스 파일">
      <UniqueIdentifier>{67DA6AB6-F800-4c08-8B7A-83BB121AAD01}</UniqueIdentifier>
      <Extensions>rc;ico;cur;bmp;dlg;rc2;rct;bin;rgs;gif;jpg;jpeg;jpe;resx;tiff;tif;png;wav;mfcribbon-ms</Extensions>
    </Filter>
  </ItemGroup>
  <ItemGroup>
    <ClCompile Include="test.cpp">
      <Filter>소스 파일</Filter>
    </ClCompile>
    <ClCompile Include="part2_구현_예제_상하좌우.cpp">
      <Filter>소스 파일</Filter>
    </ClCompile>
    <ClCompile Include="part2_구현_예제_시각.cpp">
      <Filter>소스 파일</Filter>
    </ClCompile>
    <ClCompile Include="part2_구현_왕실의나이트.cpp">
      <Filter>소스 파일</Filter>
    </ClCompile>
    <ClCompile Include="part2_구현_예제_문자열재정.cpp">
      <Filter>소스 파일</Filter>
    </ClCompile>
    <ClCompile Include="part2_구현_게임개발.cpp">
      <Filter>소스 파일</Filter>
    </ClCompile>
    <ClCompile Include="part2_dfs_bfs_예제_dfs.cpp">
      <Filter>소스 파일</Filter>
    </ClCompile>
    <ClCompile Include="part2_dfs_bfs_음료수얼려먹.cpp">
      <Filter>소스 파일</Filter>
    </ClCompile>
    <ClCompile Include="part2_dfs_bfs_예제_bfs.cpp">
      <Filter>소스 파일</Filter>
    </ClCompile>
    <ClCompile Include="part2_dfs_bfs_미로탈출.cpp">
      <Filter>소스 파일</Filter>
    </ClCompile>
    <ClCompile Include="part2_정렬_예제_선택정렬.cpp">
      <Filter>소스 파일</Filter>
    </ClCompile>
    <ClCompile Include="part2_정렬_예제_삽입정렬.cpp">
      <Filter>소스 파일</Filter>
    </ClCompile>
    <ClCompile Include="part2_정렬_예제_퀵정렬.cpp">
      <Filter>소스 파일</Filter>
    </ClCompile>
    <ClCompile Include="part2_그리디_1이될때까지.cpp">
      <Filter>소스 파일</Filter>
    </ClCompile>
    <ClCompile Include="part2_그리디_곱하기혹은더하기.cpp">
      <Filter>소스 파일</Filter>
    </ClCompile>
    <ClCompile Include="part2_그리디_모험가길드.cpp">
      <Filter>소스 파일</Filter>
    </ClCompile>
    <ClCompile Include="part2_그리디_연습문제.cpp">
      <Filter>소스 파일</Filter>
    </ClCompile>
    <ClCompile Include="part2_정렬_예제_계수정렬.cpp">
      <Filter>소스 파일</Filter>
    </ClCompile>
    <ClCompile Include="part2_정렬_두배열의원소교체1.cpp">
      <Filter>소스 파일</Filter>
    </ClCompile>
    <ClCompile Include="part2_정렬_위에서아래로.cpp">
      <Filter>소스 파일</Filter>
    </ClCompile>
    <ClCompile Include="part2_정렬_성적이낮은순서대로출력하기.cpp">
      <Filter>소스 파일</Filter>
    </ClCompile>
    <ClCompile Include="part2_이진탐색_예제_반복문이용한이진탐색.cpp">
      <Filter>소스 파일</Filter>
    </ClCompile>
  </ItemGroup>
</Project>